
Microsoft Visual Studio Solution File, Format Version 12.00
# Visual Studio Version 16
VisualStudioVersion = 16.0.29926.136
MinimumVisualStudioVersion = 10.0.40219.1
Project("{FAE04EC0-301F-11D3-BF4B-00C04F79EFBC}") = "discord Bot Tutorial", "discord Bot Tutorial.csproj", "{E6A6FB56-B4AB-436C-8566-340D0061DA13}"
EndProject
Global
	GlobalSection(SolutionConfigurationPlatforms) = preSolution
		Debug|Any CPU = Debug|Any CPU
		Release|Any CPU = Release|Any CPU
	EndGlobalSection
	GlobalSection(ProjectConfigurationPlatforms) = postSolution
		{E6A6FB56-B4AB-436C-8566-340D0061DA13}.Debug|Any CPU.ActiveCfg = Debug|Any CPU
		{E6A6FB56-B4AB-436C-8566-340D0061DA13}.Debug|Any CPU.Build.0 = Debug|Any CPU
		{E6A6FB56-B4AB-436C-8566-340D0061DA13}.Release|Any CPU.ActiveCfg = Release|Any CPU
		{E6A6FB56-B4AB-436C-8566-340D0061DA13}.Release|Any CPU.Build.0 = Release|Any CPU
	EndGlobalSection
	GlobalSection(SolutionProperties) = preSolution
		HideSolutionNode = FALSE
	EndGlobalSection
	GlobalSection(ExtensibilityGlobals) = postSolution
		SolutionGuid = {ED6BEADA-4139-4DE4-ABD8-1092BFE65BE0}
	EndGlobalSection
EndGlobal
